// !$*UTF8*$!
{
	archiveVersion = 1;
	classes = {
	};
	objectVersion = 50;
	objects = {

/* Begin PBXBuildFile section */
		2A94F7E52316120F00C737C6 /* AppDelegate.swift in Sources */ = {isa = PBXBuildFile; fileRef = 2A94F7E42316120F00C737C6 /* AppDelegate.swift */; };
		2A94F7E72316120F00C737C6 /* SceneDelegate.swift in Sources */ = {isa = PBXBuildFile; fileRef = 2A94F7E62316120F00C737C6 /* SceneDelegate.swift */; };
		2A94F7E92316120F00C737C6 /* ContentView.swift in Sources */ = {isa = PBXBuildFile; fileRef = 2A94F7E82316120F00C737C6 /* ContentView.swift */; };
		2A94F7EB2316121100C737C6 /* Assets.xcassets in Resources */ = {isa = PBXBuildFile; fileRef = 2A94F7EA2316121100C737C6 /* Assets.xcassets */; };
		2A94F7EE2316121100C737C6 /* Preview Assets.xcassets in Resources */ = {isa = PBXBuildFile; fileRef = 2A94F7ED2316121100C737C6 /* Preview Assets.xcassets */; };
		2A94F7F12316121100C737C6 /* LaunchScreen.storyboard in Resources */ = {isa = PBXBuildFile; fileRef = 2A94F7EF2316121100C737C6 /* LaunchScreen.storyboard */; };
		2A94F7FC2316121100C737C6 /* BusinessCardTests.swift in Sources */ = {isa = PBXBuildFile; fileRef = 2A94F7FB2316121100C737C6 /* BusinessCardTests.swift */; };
/* End PBXBuildFile section */

/* Begin PBXContainerItemProxy section */
		2A94F7F82316121100C737C6 /* PBXContainerItemProxy */ = {
			isa = PBXContainerItemProxy;
			containerPortal = 2A94F7D92316120F00C737C6 /* Project object */;
			proxyType = 1;
			remoteGlobalIDString = 2A94F7E02316120F00C737C6;
			remoteInfo = BusinessCard;
		};
/* End PBXContainerItemProxy section */

/* Begin PBXFileReference section */
		2A94F7E12316120F00C737C6 /* BusinessCard.app */ = {isa = PBXFileReference; explicitFileType = wrapper.application; includeInIndex = 0; path = BusinessCard.app; sourceTree = BUILT_PRODUCTS_DIR; };
		2A94F7E42316120F00C737C6 /* AppDelegate.swift */ = {isa = PBXFileReference; lastKnownFileType = sourcecode.swift; path = AppDelegate.swift; sourceTree = "<group>"; };
		2A94F7E62316120F00C737C6 /* SceneDelegate.swift */ = {isa = PBXFileReference; lastKnownFileType = sourcecode.swift; path = SceneDelegate.swift; sourceTree = "<group>"; };
		2A94F7E82316120F00C737C6 /* ContentView.swift */ = {isa = PBXFileReference; lastKnownFileType = sourcecode.swift; path = ContentView.swift; sourceTree = "<group>"; };
		2A94F7EA2316121100C737C6 /* Assets.xcassets */ = {isa = PBXFileReference; lastKnownFileType = folder.assetcatalog; path = Assets.xcassets; sourceTree = "<group>"; };
		2A94F7ED2316121100C737C6 /* Preview Assets.xcassets */ = {isa = PBXFileReference; lastKnownFileType = folder.assetcatalog; path = "Preview Assets.xcassets"; sourceTree = "<group>"; };
		2A94F7F02316121100C737C6 /* Base */ = {isa = PBXFileReference; lastKnownFileType = file.storyboard; name = Base; path = Base.lproj/LaunchScreen.storyboard; sourceTree = "<group>"; };
		2A94F7F22316121100C737C6 /* Info.plist */ = {isa = PBXFileReference; lastKnownFileType = text.plist.xml; path = Info.plist; sourceTree = "<group>"; };
		2A94F7F72316121100C737C6 /* BusinessCardTests.xctest */ = {isa = PBXFileReference; explicitFileType = wrapper.cfbundle; includeInIndex = 0; path = BusinessCardTests.xctest; sourceTree = BUILT_PRODUCTS_DIR; };
		2A94F7FB2316121100C737C6 /* BusinessCardTests.swift */ = {isa = PBXFileReference; lastKnownFileType = sourcecode.swift; path = BusinessCardTests.swift; sourceTree = "<group>"; };
		2A94F7FD2316121100C737C6 /* Info.plist */ = {isa = PBXFileReference; lastKnownFileType = text.plist.xml; path = Info.plist; sourceTree = "<group>"; };
/* End PBXFileReference section */

/* Begin PBXFrameworksBuildPhase section */
		2A94F7DE2316120F00C737C6 /* Frameworks */ = {
			isa = PBXFrameworksBuildPhase;
			buildActionMask = 2147483647;
			files = (
			);
			runOnlyForDeploymentPostprocessing = 0;
		};
		2A94F7F42316121100C737C6 /* Frameworks */ = {
			isa = PBXFrameworksBuildPhase;
			buildActionMask = 2147483647;
			files = (
			);
			runOnlyForDeploymentPostprocessing = 0;
		};
/* End PBXFrameworksBuildPhase section */

/* Begin PBXGroup section */
		2A94F7D82316120F00C737C6 = {
			isa = PBXGroup;
			children = (
				2A94F7E32316120F00C737C6 /* BusinessCard */,
				2A94F7FA2316121100C737C6 /* BusinessCardTests */,
				2A94F7E22316120F00C737C6 /* Products */,
			);
			sourceTree = "<group>";
		};
		2A94F7E22316120F00C737C6 /* Products */ = {
			isa = PBXGroup;
			children = (
				2A94F7E12316120F00C737C6 /* BusinessCard.app */,
				2A94F7F72316121100C737C6 /* BusinessCardTests.xctest */,
			);
			name = Products;
			sourceTree = "<group>";
		};
		2A94F7E32316120F00C737C6 /* BusinessCard */ = {
			isa = PBXGroup;
			children = (
				2A94F7E42316120F00C737C6 /* AppDelegate.swift */,
				2A94F7E62316120F00C737C6 /* SceneDelegate.swift */,
				2A94F7E82316120F00C737C6 /* ContentView.swift */,
				2A94F7EA2316121100C737C6 /* Assets.xcassets */,
				2A94F7EF2316121100C737C6 /* LaunchScreen.storyboard */,
				2A94F7F22316121100C737C6 /* Info.plist */,
				2A94F7EC2316121100C737C6 /* Preview Content */,
			);
			path = BusinessCard;
			sourceTree = "<group>";
		};
		2A94F7EC2316121100C737C6 /* Preview Content */ = {
			isa = PBXGroup;
			children = (
				2A94F7ED2316121100C737C6 /* Preview Assets.xcassets */,
			);
			path = "Preview Content";
			sourceTree = "<group>";
		};
		2A94F7FA2316121100C737C6 /* BusinessCardTests */ = {
			isa = PBXGroup;
			children = (
				2A94F7FB2316121100C737C6 /* BusinessCardTests.swift */,
				2A94F7FD2316121100C737C6 /* Info.plist */,
			);
			path = BusinessCardTests;
			sourceTree = "<group>";
		};
/* End PBXGroup section */

/* Begin PBXNativeTarget section */
		2A94F7E02316120F00C737C6 /* BusinessCard */ = {
			isa = PBXNativeTarget;
			buildConfigurationList = 2A94F8002316121100C737C6 /* Build configuration list for PBXNativeTarget "BusinessCard" */;
			buildPhases = (
				2A94F7DD2316120F00C737C6 /* Sources */,
				2A94F7DE2316120F00C737C6 /* Frameworks */,
				2A94F7DF2316120F00C737C6 /* Resources */,
			);
			buildRules = (
			);
			dependencies = (
			);
			name = BusinessCard;
			productName = BusinessCard;
			productReference = 2A94F7E12316120F00C737C6 /* BusinessCard.app */;
			productType = "com.apple.product-type.application";
		};
		2A94F7F62316121100C737C6 /* BusinessCardTests */ = {
			isa = PBXNativeTarget;
			buildConfigurationList = 2A94F8032316121100C737C6 /* Build configuration list for PBXNativeTarget "BusinessCardTests" */;
			buildPhases = (
				2A94F7F32316121100C737C6 /* Sources */,
				2A94F7F42316121100C737C6 /* Frameworks */,
				2A94F7F52316121100C737C6 /* Resources */,
			);
			buildRules = (
			);
			dependencies = (
				2A94F7F92316121100C737C6 /* PBXTargetDependency */,
			);
			name = BusinessCardTests;
			productName = BusinessCardTests;
			productReference = 2A94F7F72316121100C737C6 /* BusinessCardTests.xctest */;
			productType = "com.apple.product-type.bundle.unit-test";
		};
/* End PBXNativeTarget section */

/* Begin PBXProject section */
		2A94F7D92316120F00C737C6 /* Project object */ = {
			isa = PBXProject;
			attributes = {
				LastSwiftUpdateCheck = 1100;
				LastUpgradeCheck = 1100;
				ORGANIZATIONNAME = "Luke Street";
				TargetAttributes = {
					2A94F7E02316120F00C737C6 = {
						CreatedOnToolsVersion = 11.0;
					};
					2A94F7F62316121100C737C6 = {
						CreatedOnToolsVersion = 11.0;
						TestTargetID = 2A94F7E02316120F00C737C6;
					};
				};
			};
			buildConfigurationList = 2A94F7DC2316120F00C737C6 /* Build configuration list for PBXProject "BusinessCard" */;
			compatibilityVersion = "Xcode 9.3";
			developmentRegion = en;
			hasScannedForEncodings = 0;
			knownRegions = (
				en,
				Base,
			);
			mainGroup = 2A94F7D82316120F00C737C6;
			productRefGroup = 2A94F7E22316120F00C737C6 /* Products */;
			projectDirPath = "";
			projectRoot = "";
			targets = (
				2A94F7E02316120F00C737C6 /* BusinessCard */,
				2A94F7F62316121100C737C6 /* BusinessCardTests */,
			);
		};
/* End PBXProject section */

/* Begin PBXResourcesBuildPhase section */
		2A94F7DF2316120F00C737C6 /* Resources */ = {
			isa = PBXResourcesBuildPhase;
			buildActionMask = 2147483647;
			files = (
				2A94F7F12316121100C737C6 /* LaunchScreen.storyboard in Resources */,
				2A94F7EE2316121100C737C6 /* Preview Assets.xcassets in Resources */,
				2A94F7EB2316121100C737C6 /* Assets.xcassets in Resources */,
			);
			runOnlyForDeploymentPostprocessing = 0;
		};
		2A94F7F52316121100C737C6 /* Resources */ = {
			isa = PBXResourcesBuildPhase;
			buildActionMask = 2147483647;
			files = (
			);
			runOnlyForDeploymentPostprocessing = 0;
		};
/* End PBXResourcesBuildPhase section */

/* Begin PBXSourcesBuildPhase section */
		2A94F7DD2316120F00C737C6 /* Sources */ = {
			isa = PBXSourcesBuildPhase;
			buildActionMask = 2147483647;
			files = (
				2A94F7E52316120F00C737C6 /* AppDelegate.swift in Sources */,
				2A94F7E72316120F00C737C6 /* SceneDelegate.swift in Sources */,
				2A94F7E92316120F00C737C6 /* ContentView.swift in Sources */,
			);
			runOnlyForDeploymentPostprocessing = 0;
		};
		2A94F7F32316121100C737C6 /* Sources */ = {
			isa = PBXSourcesBuildPhase;
			buildActionMask = 2147483647;
			files = (
				2A94F7FC2316121100C737C6 /* BusinessCardTests.swift in Sources */,
			);
			runOnlyForDeploymentPostprocessing = 0;
		};
/* End PBXSourcesBuildPhase section */

/* Begin PBXTargetDependency section */
		2A94F7F92316121100C737C6 /* PBXTargetDependency */ = {
			isa = PBXTargetDependency;
			target = 2A94F7E02316120F00C737C6 /* BusinessCard */;
			targetProxy = 2A94F7F82316121100C737C6 /* PBXContainerItemProxy */;
		};
/* End PBXTargetDependency section */

/* Begin PBXVariantGroup section */
		2A94F7EF2316121100C737C6 /* LaunchScreen.storyboard */ = {
			isa = PBXVariantGroup;
			children = (
				2A94F7F02316121100C737C6 /* Base */,
			);
			name = LaunchScreen.storyboard;
			sourceTree = "<group>";
		};
/* End PBXVariantGroup section */

/* Begin XCBuildConfiguration section */
		2A94F7FE2316121100C737C6 /* Debug */ = {
			isa = XCBuildConfiguration;
			buildSettings = {
				ALWAYS_SEARCH_USER_PATHS = NO;
				CLANG_ANALYZER_NONNULL = YES;
				CLANG_ANALYZER_NUMBER_OBJECT_CONVERSION = YES_AGGRESSIVE;
				CLANG_CXX_LANGUAGE_STANDARD = "gnu++14";
				CLANG_CXX_LIBRARY = "libc++";
				CLANG_ENABLE_MODULES = YES;
				CLANG_ENABLE_OBJC_ARC = YES;
				CLANG_ENABLE_OBJC_WEAK = YES;
				CLANG_WARN_BLOCK_CAPTURE_AUTORELEASING = YES;
				CLANG_WARN_BOOL_CONVERSION = YES;
				CLANG_WARN_COMMA = YES;
				CLANG_WARN_CONSTANT_CONVERSION = YES;
				CLANG_WARN_DEPRECATED_OBJC_IMPLEMENTATIONS = YES;
				CLANG_WARN_DIRECT_OBJC_ISA_USAGE = YES_ERROR;
				CLANG_WARN_DOCUMENTATION_COMMENTS = YES;
				CLANG_WARN_EMPTY_BODY = YES;
				CLANG_WARN_ENUM_CONVERSION = YES;
				CLANG_WARN_INFINITE_RECURSION = YES;
				CLANG_WARN_INT_CONVERSION = YES;
				CLANG_WARN_NON_LITERAL_NULL_CONVERSION = YES;
				CLANG_WARN_OBJC_IMPLICIT_RETAIN_SELF = YES;
				CLANG_WARN_OBJC_LITERAL_CONVERSION = YES;
				CLANG_WARN_OBJC_ROOT_CLASS = YES_ERROR;
				CLANG_WARN_RANGE_LOOP_ANALYSIS = YES;
				CLANG_WARN_STRICT_PROTOTYPES = YES;
				CLANG_WARN_SUSPICIOUS_MOVE = YES;
				CLANG_WARN_UNGUARDED_AVAILABILITY = YES_AGGRESSIVE;
				CLANG_WARN_UNREACHABLE_CODE = YES;
				CLANG_WARN__DUPLICATE_METHOD_MATCH = YES;
				COPY_PHASE_STRIP = NO;
				DEBUG_INFORMATION_FORMAT = dwarf;
				ENABLE_STRICT_OBJC_MSGSEND = YES;
				ENABLE_TESTABILITY = YES;
				GCC_C_LANGUAGE_STANDARD = gnu11;
				GCC_DYNAMIC_NO_PIC = NO;
				GCC_NO_COMMON_BLOCKS = YES;
				GCC_OPTIMIZATION_LEVEL = 0;
				GCC_PREPROCESSOR_DEFINITIONS = (
					"DEBUG=1",
					"$(inherited)",
				);
				GCC_WARN_64_TO_32_BIT_CONVERSION = YES;
				GCC_WARN_ABOUT_RETURN_TYPE = YES_ERROR;
				GCC_WARN_UNDECLARED_SELECTOR = YES;
				GCC_WARN_UNINITIALIZED_AUTOS = YES_AGGRESSIVE;
				GCC_WARN_UNUSED_FUNCTION = YES;
				GCC_WARN_UNUSED_VARIABLE = YES;
				IPHONEOS_DEPLOYMENT_TARGET = 13.0;
				MTL_ENABLE_DEBUG_INFO = INCLUDE_SOURCE;
				MTL_FAST_MATH = YES;
				ONLY_ACTIVE_ARCH = YES;
				SDKROOT = iphoneos;
				SWIFT_ACTIVE_COMPILATION_CONDITIONS = DEBUG;
				SWIFT_OPTIMIZATION_LEVEL = "-Onone";
			};
			name = Debug;
		};
		2A94F7FF2316121100C737C6 /* Release */ = {
			isa = XCBuildConfiguration;
			buildSettings = {
				ALWAYS_SEARCH_USER_PATHS = NO;
				CLANG_ANALYZER_NONNULL = YES;
				CLANG_ANALYZER_NUMBER_OBJECT_CONVERSION = YES_AGGRESSIVE;
				CLANG_CXX_LANGUAGE_STANDARD = "gnu++14";
				CLANG_CXX_LIBRARY = "libc++";
				CLANG_ENABLE_MODULES = YES;
				CLANG_ENABLE_OBJC_ARC = YES;
				CLANG_ENABLE_OBJC_WEAK = YES;
				CLANG_WARN_BLOCK_CAPTURE_AUTORELEASING = YES;
				CLANG_WARN_BOOL_CONVERSION = YES;
				CLANG_WARN_COMMA = YES;
				CLANG_WARN_CONSTANT_CONVERSION = YES;
				CLANG_WARN_DEPRECATED_OBJC_IMPLEMENTATIONS = YES;
				CLANG_WARN_DIRECT_OBJC_ISA_USAGE = YES_ERROR;
				CLANG_WARN_DOCUMENTATION_COMMENTS = YES;
				CLANG_WARN_EMPTY_BODY = YES;
				CLANG_WARN_ENUM_CONVERSION = YES;
				CLANG_WARN_INFINITE_RECURSION = YES;
				CLANG_WARN_INT_CONVERSION = YES;
				CLANG_WARN_NON_LITERAL_NULL_CONVERSION = YES;
				CLANG_WARN_OBJC_IMPLICIT_RETAIN_SELF = YES;
				CLANG_WARN_OBJC_LITERAL_CONVERSION = YES;
				CLANG_WARN_OBJC_ROOT_CLASS = YES_ERROR;
				CLANG_WARN_RANGE_LOOP_ANALYSIS = YES;
				CLANG_WARN_STRICT_PROTOTYPES = YES;
				CLANG_WARN_SUSPICIOUS_MOVE = YES;
				CLANG_WARN_UNGUARDED_AVAILABILITY = YES_AGGRESSIVE;
				CLANG_WARN_UNREACHABLE_CODE = YES;
				CLANG_WARN__DUPLICATE_METHOD_MATCH = YES;
				COPY_PHASE_STRIP = NO;
				DEBUG_INFORMATION_FORMAT = "dwarf-with-dsym";
				ENABLE_NS_ASSERTIONS = NO;
				ENABLE_STRICT_OBJC_MSGSEND = YES;
				GCC_C_LANGUAGE_STANDARD = gnu11;
				GCC_NO_COMMON_BLOCKS = YES;
				GCC_WARN_64_TO_32_BIT_CONVERSION = YES;
				GCC_WARN_ABOUT_RETURN_TYPE = YES_ERROR;
				GCC_WARN_UNDECLARED_SELECTOR = YES;
				GCC_WARN_UNINITIALIZED_AUTOS = YES_AGGRESSIVE;
				GCC_WARN_UNUSED_FUNCTION = YES;
				GCC_WARN_UNUSED_VARIABLE = YES;
				IPHONEOS_DEPLOYMENT_TARGET = 13.0;
				MTL_ENABLE_DEBUG_INFO = NO;
				MTL_FAST_MATH = YES;
				SDKROOT = iphoneos;
				SWIFT_COMPILATION_MODE = wholemodule;
				SWIFT_OPTIMIZATION_LEVEL = "-O";
				VALIDATE_PRODUCT = YES;
			};
			name = Release;
		};
		2A94F8012316121100C737C6 /* Debug */ = {
			isa = XCBuildConfiguration;
			buildSettings = {
				ASSETCATALOG_COMPILER_APPICON_NAME = AppIcon;
				CODE_SIGN_STYLE = Automatic;
				DEVELOPMENT_ASSET_PATHS = "BusinessCard/Preview\\ Content";
				DEVELOPMENT_TEAM = 9C9LVX9RE8;
				ENABLE_PREVIEWS = YES;
				INFOPLIST_FILE = BusinessCard/Info.plist;
				LD_RUNPATH_SEARCH_PATHS = (
					"$(inherited)",
					"@executable_path/Frameworks",
				);
				PRODUCT_BUNDLE_IDENTIFIER = com.ldstreet.BusinessCard;
				PRODUCT_NAME = "$(TARGET_NAME)";
				SWIFT_VERSION = 5.0;
				TARGETED_DEVICE_FAMILY = "1,2";
			};
			name = Debug;
		};
		2A94F8022316121100C737C6 /* Release */ = {
			isa = XCBuildConfiguration;
			buildSettings = {
				ASSETCATALOG_COMPILER_APPICON_NAME = AppIcon;
				CODE_SIGN_STYLE = Automatic;
				DEVELOPMENT_ASSET_PATHS = "BusinessCard/Preview\\ Content";
				DEVELOPMENT_TEAM = 9C9LVX9RE8;
				ENABLE_PREVIEWS = YES;
				INFOPLIST_FILE = BusinessCard/Info.plist;
				LD_RUNPATH_SEARCH_PATHS = (
					"$(inherited)",
					"@executable_path/Frameworks",
				);
				PRODUCT_BUNDLE_IDENTIFIER = com.ldstreet.BusinessCard;
				PRODUCT_NAME = "$(TARGET_NAME)";
				SWIFT_VERSION = 5.0;
				TARGETED_DEVICE_FAMILY = "1,2";
			};
			name = Release;
		};
		2A94F8042316121100C737C6 /* Debug */ = {
			isa = XCBuildConfiguration;
			buildSettings = {
				ALWAYS_EMBED_SWIFT_STANDARD_LIBRARIES = YES;
				BUNDLE_LOADER = "$(TEST_HOST)";
				CODE_SIGN_STYLE = Automatic;
				DEVELOPMENT_TEAM = 9C9LVX9RE8;
				INFOPLIST_FILE = BusinessCardTests/Info.plist;
				LD_RUNPATH_SEARCH_PATHS = (
					"$(inherited)",
					"@executable_path/Frameworks",
					"@loader_path/Frameworks",
				);
				PRODUCT_BUNDLE_IDENTIFIER = com.ldstreet.BusinessCardTests;
				PRODUCT_NAME = "$(TARGET_NAME)";
				SWIFT_VERSION = 5.0;
				TARGETED_DEVICE_FAMILY = "1,2";
				TEST_HOST = "$(BUILT_PRODUCTS_DIR)/BusinessCard.app/BusinessCard";
			};
			name = Debug;
		};
		2A94F8052316121100C737C6 /* Release */ = {
			isa = XCBuildConfiguration;
			buildSettings = {
				ALWAYS_EMBED_SWIFT_STANDARD_LIBRARIES = YES;
				BUNDLE_LOADER = "$(TEST_HOST)";
				CODE_SIGN_STYLE = Automatic;
				DEVELOPMENT_TEAM = 9C9LVX9RE8;
				INFOPLIST_FILE = BusinessCardTests/Info.plist;
				LD_RUNPATH_SEARCH_PATHS = (
					"$(inherited)",
					"@executable_path/Frameworks",
					"@loader_path/Frameworks",
				);
				PRODUCT_BUNDLE_IDENTIFIER = com.ldstreet.BusinessCardTests;
				PRODUCT_NAME = "$(TARGET_NAME)";
				SWIFT_VERSION = 5.0;
				TARGETED_DEVICE_FAMILY = "1,2";
				TEST_HOST = "$(BUILT_PRODUCTS_DIR)/BusinessCard.app/BusinessCard";
			};
			name = Release;
		};
/* End XCBuildConfiguration section */

/* Begin XCConfigurationList section */
		2A94F7DC2316120F00C737C6 /* Build configuration list for PBXProject "BusinessCard" */ = {
			isa = XCConfigurationList;
			buildConfigurations = (
				2A94F7FE2316121100C737C6 /* Debug */,
				2A94F7FF2316121100C737C6 /* Release */,
			);
			defaultConfigurationIsVisible = 0;
			defaultConfigurationName = Release;
		};
		2A94F8002316121100C737C6 /* Build configuration list for PBXNativeTarget "BusinessCard" */ = {
			isa = XCConfigurationList;
			buildConfigurations = (
				2A94F8012316121100C737C6 /* Debug */,
				2A94F8022316121100C737C6 /* Release */,
			);
			defaultConfigurationIsVisible = 0;
			defaultConfigurationName = Release;
		};
		2A94F8032316121100C737C6 /* Build configuration list for PBXNativeTarget "BusinessCardTests" */ = {
			isa = XCConfigurationList;
			buildConfigurations = (
				2A94F8042316121100C737C6 /* Debug */,
				2A94F8052316121100C737C6 /* Release */,
			);
			defaultConfigurationIsVisible = 0;
			defaultConfigurationName = Release;
		};
/* End XCConfigurationList section */
	};
	rootObject = 2A94F7D92316120F00C737C6 /* Project object */;
}
